
Microsoft Visual Studio Solution File, Format Version 12.00
# Visual Studio Version 17
VisualStudioVersion = 17.3.32804.467
MinimumVisualStudioVersion = 10.0.40219.1
Project("{9A19103F-16F7-4668-BE54-9A1E7A4F7556}") = "Connect4Project", "Connect4Project\Connect4Project.csproj", "{016ED204-8339-47EB-86C4-5F756F755DFA}"
EndProject
Project("{C7167F0D-BC9F-4E6E-AFE1-012C56B48DB5}") = "Connect4", "Connect4\Connect4.wapproj", "{4D2DC972-C9FB-4E09-90D2-351E636FD6BC}"
EndProject
Global
	GlobalSection(SolutionConfigurationPlatforms) = preSolution
		Debug|Any CPU = Debug|Any CPU
		Debug|ARM = Debug|ARM
		Debug|ARM64 = Debug|ARM64
		Debug|x64 = Debug|x64
		Debug|x86 = Debug|x86
		Release|Any CPU = Release|Any CPU
		Release|ARM = Release|ARM
		Release|ARM64 = Release|ARM64
		Release|x64 = Release|x64
		Release|x86 = Release|x86
	EndGlobalSection
	GlobalSection(ProjectConfigurationPlatforms) = postSolution
		{016ED204-8339-47EB-86C4-5F756F755DFA}.Debug|Any CPU.ActiveCfg = Debug|Any CPU
		{016ED204-8339-47EB-86C4-5F756F755DFA}.Debug|Any CPU.Build.0 = Debug|Any CPU
		{016ED204-8339-47EB-86C4-5F756F755DFA}.Debug|ARM.ActiveCfg = Debug|Any CPU
		{016ED204-8339-47EB-86C4-5F756F755DFA}.Debug|ARM.Build.0 = Debug|Any CPU
		{016ED204-8339-47EB-86C4-5F756F755DFA}.Debug|ARM64.ActiveCfg = Debug|Any CPU
		{016ED204-8339-47EB-86C4-5F756F755DFA}.Debug|ARM64.Build.0 = Debug|Any CPU
		{016ED204-8339-47EB-86C4-5F756F755DFA}.Debug|x64.ActiveCfg = Debug|Any CPU
		{016ED204-8339-47EB-86C4-5F756F755DFA}.Debug|x64.Build.0 = Debug|Any CPU
		{016ED204-8339-47EB-86C4-5F756F755DFA}.Debug|x86.ActiveCfg = Debug|Any CPU
		{016ED204-8339-47EB-86C4-5F756F755DFA}.Debug|x86.Build.0 = Debug|Any CPU
		{016ED204-8339-47EB-86C4-5F756F755DFA}.Release|Any CPU.ActiveCfg = Release|Any CPU
		{016ED204-8339-47EB-86C4-5F756F755DFA}.Release|Any CPU.Build.0 = Release|Any CPU
		{016ED204-8339-47EB-86C4-5F756F755DFA}.Release|ARM.ActiveCfg = Release|Any CPU
		{016ED204-8339-47EB-86C4-5F756F755DFA}.Release|ARM.Build.0 = Release|Any CPU
		{016ED204-8339-47EB-86C4-5F756F755DFA}.Release|ARM64.ActiveCfg = Release|Any CPU
		{016ED204-8339-47EB-86C4-5F756F755DFA}.Release|ARM64.Build.0 = Release|Any CPU
		{016ED204-8339-47EB-86C4-5F756F755DFA}.Release|x64.ActiveCfg = Release|Any CPU
		{016ED204-8339-47EB-86C4-5F756F755DFA}.Release|x64.Build.0 = Release|Any CPU
		{016ED204-8339-47EB-86C4-5F756F755DFA}.Release|x86.ActiveCfg = Release|Any CPU
		{016ED204-8339-47EB-86C4-5F756F755DFA}.Release|x86.Build.0 = Release|Any CPU
		{4D2DC972-C9FB-4E09-90D2-351E636FD6BC}.Debug|Any CPU.ActiveCfg = Debug|Any CPU
		{4D2DC972-C9FB-4E09-90D2-351E636FD6BC}.Debug|Any CPU.Build.0 = Debug|Any CPU
		{4D2DC972-C9FB-4E09-90D2-351E636FD6BC}.Debug|Any CPU.Deploy.0 = Debug|Any CPU
		{4D2DC972-C9FB-4E09-90D2-351E636FD6BC}.Debug|ARM.ActiveCfg = Debug|ARM
		{4D2DC972-C9FB-4E09-90D2-351E636FD6BC}.Debug|ARM.Build.0 = Debug|ARM
		{4D2DC972-C9FB-4E09-90D2-351E636FD6BC}.Debug|ARM.Deploy.0 = Debug|ARM
		{4D2DC972-C9FB-4E09-90D2-351E636FD6BC}.Debug|ARM64.ActiveCfg = Debug|ARM64
		{4D2DC972-C9FB-4E09-90D2-351E636FD6BC}.Debug|ARM64.Build.0 = Debug|ARM64
		{4D2DC972-C9FB-4E09-90D2-351E636FD6BC}.Debug|ARM64.Deploy.0 = Debug|ARM64
		{4D2DC972-C9FB-4E09-90D2-351E636FD6BC}.Debug|x64.ActiveCfg = Debug|x64
		{4D2DC972-C9FB-4E09-90D2-351E636FD6BC}.Debug|x64.Build.0 = Debug|x64
		{4D2DC972-C9FB-4E09-90D2-351E636FD6BC}.Debug|x64.Deploy.0 = Debug|x64
		{4D2DC972-C9FB-4E09-90D2-351E636FD6BC}.Debug|x86.ActiveCfg = Debug|x86
		{4D2DC972-C9FB-4E09-90D2-351E636FD6BC}.Debug|x86.Build.0 = Debug|x86
		{4D2DC972-C9FB-4E09-90D2-351E636FD6BC}.Debug|x86.Deploy.0 = Debug|x86
		{4D2DC972-C9FB-4E09-90D2-351E636FD6BC}.Release|Any CPU.ActiveCfg = Release|Any CPU
		{4D2DC972-C9FB-4E09-90D2-351E636FD6BC}.Release|Any CPU.Build.0 = Release|Any CPU
		{4D2DC972-C9FB-4E09-90D2-351E636FD6BC}.Release|Any CPU.Deploy.0 = Release|Any CPU
		{4D2DC972-C9FB-4E09-90D2-351E636FD6BC}.Release|ARM.ActiveCfg = Release|ARM
		{4D2DC972-C9FB-4E09-90D2-351E636FD6BC}.Release|ARM.Build.0 = Release|ARM
		{4D2DC972-C9FB-4E09-90D2-351E636FD6BC}.Release|ARM.Deploy.0 = Release|ARM
		{4D2DC972-C9FB-4E09-90D2-351E636FD6BC}.Release|ARM64.ActiveCfg = Release|ARM64
		{4D2DC972-C9FB-4E09-90D2-351E636FD6BC}.Release|ARM64.Build.0 = Release|ARM64
		{4D2DC972-C9FB-4E09-90D2-351E636FD6BC}.Release|ARM64.Deploy.0 = Release|ARM64
		{4D2DC972-C9FB-4E09-90D2-351E636FD6BC}.Release|x64.ActiveCfg = Release|x64
		{4D2DC972-C9FB-4E09-90D2-351E636FD6BC}.Release|x64.Build.0 = Release|x64
		{4D2DC972-C9FB-4E09-90D2-351E636FD6BC}.Release|x64.Deploy.0 = Release|x64
		{4D2DC972-C9FB-4E09-90D2-351E636FD6BC}.Release|x86.ActiveCfg = Release|x86
		{4D2DC972-C9FB-4E09-90D2-351E636FD6BC}.Release|x86.Build.0 = Release|x86
		{4D2DC972-C9FB-4E09-90D2-351E636FD6BC}.Release|x86.Deploy.0 = Release|x86
	EndGlobalSection
	GlobalSection(SolutionProperties) = preSolution
		HideSolutionNode = FALSE
	EndGlobalSection
	GlobalSection(ExtensibilityGlobals) = postSolution
		SolutionGuid = {9F4F34D5-A876-422A-BF41-65C6186FE360}
	EndGlobalSection
EndGlobal
